
Microsoft Visual Studio Solution File, Format Version 12.00
# Visual Studio Version 17
VisualStudioVersion = 17.7.34024.191
MinimumVisualStudioVersion = 10.0.40219.1
Project("{FAE04EC0-301F-11D3-BF4B-00C04F79EFBC}") = "FactoryMethod-DP", "FactoryMethod-DP\FactoryMethod-DP.csproj", "{8AF98016-ADD4-45B1-B0E9-398870653F3D}"
EndProject
Project("{FAE04EC0-301F-11D3-BF4B-00C04F79EFBC}") = "AbstractFactory-DP", "AbstractFactory-DP\AbstractFactory-DP.csproj", "{FF50BF4F-DB8B-4748-9591-1B0E00A93FBB}"
EndProject
Global
	GlobalSection(SolutionConfigurationPlatforms) = preSolution
		Debug|Any CPU = Debug|Any CPU
		Release|Any CPU = Release|Any CPU
	EndGlobalSection
	GlobalSection(ProjectConfigurationPlatforms) = postSolution
		{8AF98016-ADD4-45B1-B0E9-398870653F3D}.Debug|Any CPU.ActiveCfg = Debug|Any CPU
		{8AF98016-ADD4-45B1-B0E9-398870653F3D}.Debug|Any CPU.Build.0 = Debug|Any CPU
		{8AF98016-ADD4-45B1-B0E9-398870653F3D}.Release|Any CPU.ActiveCfg = Release|Any CPU
		{8AF98016-ADD4-45B1-B0E9-398870653F3D}.Release|Any CPU.Build.0 = Release|Any CPU
		{FF50BF4F-DB8B-4748-9591-1B0E00A93FBB}.Debug|Any CPU.ActiveCfg = Debug|Any CPU
		{FF50BF4F-DB8B-4748-9591-1B0E00A93FBB}.Debug|Any CPU.Build.0 = Debug|Any CPU
		{FF50BF4F-DB8B-4748-9591-1B0E00A93FBB}.Release|Any CPU.ActiveCfg = Release|Any CPU
		{FF50BF4F-DB8B-4748-9591-1B0E00A93FBB}.Release|Any CPU.Build.0 = Release|Any CPU
	EndGlobalSection
	GlobalSection(SolutionProperties) = preSolution
		HideSolutionNode = FALSE
	EndGlobalSection
	GlobalSection(ExtensibilityGlobals) = postSolution
		SolutionGuid = {F3D974DF-AC8D-413B-9D40-C0716ACC67D4}
	EndGlobalSection
EndGlobal
